Microsoft Visual Studio Solution File, Format Version 12.00
# Visual Studio 2012
Project("{FAE04EC0-301F-11D3-BF4B-00C04F79EFBC}") = "Shaman King Prototype", "Shaman King Prototype.csproj", "{3850C3BE-63D0-4E3D-91A1-6D4DE1C3157D}"
EndProject
Global
	GlobalSection(SolutionConfigurationPlatforms) = preSolution
	Debug|Any CPU = Debug|Any CPU
	ExportDebug|Any CPU = ExportDebug|Any CPU
	ExportRelease|Any CPU = ExportRelease|Any CPU
	EndGlobalSection
	GlobalSection(ProjectConfigurationPlatforms) = postSolution
		{3850C3BE-63D0-4E3D-91A1-6D4DE1C3157D}.Debug|Any CPU.ActiveCfg = Debug|Any CPU
		{3850C3BE-63D0-4E3D-91A1-6D4DE1C3157D}.Debug|Any CPU.Build.0 = Debug|Any CPU
		{3850C3BE-63D0-4E3D-91A1-6D4DE1C3157D}.ExportDebug|Any CPU.ActiveCfg = ExportDebug|Any CPU
		{3850C3BE-63D0-4E3D-91A1-6D4DE1C3157D}.ExportDebug|Any CPU.Build.0 = ExportDebug|Any CPU
		{3850C3BE-63D0-4E3D-91A1-6D4DE1C3157D}.ExportRelease|Any CPU.ActiveCfg = ExportRelease|Any CPU
		{3850C3BE-63D0-4E3D-91A1-6D4DE1C3157D}.ExportRelease|Any CPU.Build.0 = ExportRelease|Any CPU
	EndGlobalSection
EndGlobal
